
Microsoft Visual Studio Solution File, Format Version 12.00
# Visual Studio Version 17
VisualStudioVersion = 17.14.37012.4 d17.14
MinimumVisualStudioVersion = 10.0.40219.1
Project("{FAE04EC0-301F-11D3-BF4B-00C04F79EFBC}") = "Day03-练习代码", "Day03-练习代码.csproj", "{5E08C23F-1CB1-2536-6F51-10EAD1EEB47C}"
EndProject
Global
	GlobalSection(SolutionConfigurationPlatforms) = preSolution
		Debug|Any CPU = Debug|Any CPU
		Release|Any CPU = Release|Any CPU
	EndGlobalSection
	GlobalSection(ProjectConfigurationPlatforms) = postSolution
		{5E08C23F-1CB1-2536-6F51-10EAD1EEB47C}.Debug|Any CPU.ActiveCfg = Debug|Any CPU
		{5E08C23F-1CB1-2536-6F51-10EAD1EEB47C}.Debug|Any CPU.Build.0 = Debug|Any CPU
		{5E08C23F-1CB1-2536-6F51-10EAD1EEB47C}.Release|Any CPU.ActiveCfg = Release|Any CPU
		{5E08C23F-1CB1-2536-6F51-10EAD1EEB47C}.Release|Any CPU.Build.0 = Release|Any CPU
	EndGlobalSection
	GlobalSection(SolutionProperties) = preSolution
		HideSolutionNode = FALSE
	EndGlobalSection
	GlobalSection(ExtensibilityGlobals) = postSolution
		SolutionGuid = {1583B63F-224D-4F63-A144-26B576F525A9}
	EndGlobalSection
EndGlobal
